github.com/rajveermalviya/go-wayland/wayland v0.0.0-20230130181619-0ad78d1310b2 h1:tRhbehjSCwQSZL7A2AoZlKrDYhZzaPIAcpnhfaUc0Tw=
github.com/rajveermalviya/go-wayland/wayland v0.0.0-20230130181619-0ad78d1310b2/go.mod h1:PXhW/GoWcMBeiZ39ZdgoMs/xduJEEUE+kxUBB2Kwd+M=
golang.org/x/sys v0.4.0 h1:Zr2JFtRQNX3BCZ8YtxRE9hNJYC8J6I1MVbMg6owUp18=
golang.org/x/sys v0.4.0/go.mod h1:oPkhp1MJrh7nUepCBck5+mAzfO9JrbApNNgaTdGDITg=
